{
    "version": 3,
    "terraform_version": "0.11.13",
    "serial": 13,
    "lineage": "9779dcab-87d0-0291-1a98-3656028f737f",
    "modules": [
        {
            "path": [
                "root"
            ],
            "outputs": {},
            "resources": {
                "aws_autoscaling_group.terraform_asg": {
                    "type": "aws_autoscaling_group",
                    "depends_on": [
                        "aws_elb.elbinstances",
                        "aws_launch_configuration.asg_launch",
                        "aws_subnet.public"
                    ],
                    "primary": {
                        "id": "terraformasg",
                        "attributes": {
                            "arn": "arn:aws:autoscaling:us-east-1:405852778374:autoScalingGroup:623c8536-d1ec-41ca-b3a4-00535f8a8d2a:autoScalingGroupName/terraformasg",
                            "availability_zones.#": "1",
                            "availability_zones.3551460226": "us-east-1e",
                            "default_cooldown": "300",
                            "desired_capacity": "1",
                            "enabled_metrics.#": "0",
                            "force_delete": "false",
                            "health_check_grace_period": "300",
                            "health_check_type": "EC2",
                            "id": "terraformasg",
                            "launch_configuration": "aglaunch",
                            "launch_template.#": "0",
                            "load_balancers.#": "1",
                            "load_balancers.2604605605": "elbterraform",
                            "max_size": "2",
                            "metrics_granularity": "1Minute",
                            "min_size": "1",
                            "mixed_instances_policy.#": "0",
                            "name": "terraformasg",
                            "placement_group": "",
                            "protect_from_scale_in": "false",
                            "service_linked_role_arn": "arn:aws:iam::405852778374:role/aws-service-role/autoscaling.amazonaws.com/AWSServiceRoleForAutoScaling",
                            "suspended_processes.#": "0",
                            "tag.#": "0",
                            "target_group_arns.#": "0",
                            "termination_policies.#": "0",
                            "vpc_zone_identifier.#": "1",
                            "vpc_zone_identifier.408531361": "subnet-0b89a5e67481707fd",
                            "wait_for_capacity_timeout": "10m"
                        },
                        "meta": {
                            "e2bfb730-ecaa-11e6-8f88-34363bc7c4c0": {
                                "delete": 600000000000
                            }
                        },
                        "tainted": false
                    },
                    "deposed": [],
                    "provider": "provider.aws"
                },
                "aws_db_instance.db_image": {
                    "type": "aws_db_instance",
                    "depends_on": [
                        "aws_db_subnet_group.db_subnet",
                        "aws_security_group.database_sg"
                    ],
                    "primary": {
                        "id": "terraform-20190410204649728100000001",
                        "attributes": {
                            "address": "terraform-20190410204649728100000001.cz7ejpagjjpg.us-east-1.rds.amazonaws.com",
                            "allocated_storage": "10",
                            "arn": "arn:aws:rds:us-east-1:405852778374:db:terraform-20190410204649728100000001",
                            "auto_minor_version_upgrade": "true",
                            "availability_zone": "us-east-1a",
                            "backup_retention_period": "0",
                            "backup_window": "08:26-08:56",
                            "ca_cert_identifier": "rds-ca-2015",
                            "copy_tags_to_snapshot": "false",
                            "db_subnet_group_name": "main",
                            "deletion_protection": "false",
                            "domain": "",
                            "domain_iam_role_name": "",
                            "enabled_cloudwatch_logs_exports.#": "0",
                            "endpoint": "terraform-20190410204649728100000001.cz7ejpagjjpg.us-east-1.rds.amazonaws.com:3306",
                            "engine": "mysql",
                            "engine_version": "5.7.23",
                            "hosted_zone_id": "Z2R2ITUGPM61AM",
                            "iam_database_authentication_enabled": "false",
                            "id": "terraform-20190410204649728100000001",
                            "identifier": "terraform-20190410204649728100000001",
                            "instance_class": "db.t2.micro",
                            "iops": "0",
                            "kms_key_id": "",
                            "license_model": "general-public-license",
                            "maintenance_window": "fri:08:57-fri:09:27",
                            "monitoring_interval": "0",
                            "multi_az": "false",
                            "name": "mydatabase",
                            "option_group_name": "default:mysql-5-7",
                            "parameter_group_name": "default.mysql5.7",
                            "password": "mydatabase",
                            "port": "3306",
                            "publicly_accessible": "false",
                            "replicas.#": "0",
                            "replicate_source_db": "",
                            "resource_id": "db-MFE2ARWJDDNPP6IF5QNFZH63VQ",
                            "security_group_names.#": "0",
                            "skip_final_snapshot": "true",
                            "status": "available",
                            "storage_encrypted": "false",
                            "storage_type": "gp2",
                            "tags.%": "1",
                            "tags.Name": "TerraformDBInstance",
                            "timezone": "",
                            "username": "mydatabase",
                            "vpc_security_group_ids.#": "1",
                            "vpc_security_group_ids.1696766368": "sg-0cc4ab64270c7c3e5"
                        },
                        "meta": {
                            "e2bfb730-ecaa-11e6-8f88-34363bc7c4c0": {
                                "create": 2400000000000,
                                "delete": 2400000000000,
                                "update": 4800000000000
                            }
                        },
                        "tainted": false
                    },
                    "deposed": [],
                    "provider": "provider.aws"
                },
                "aws_db_subnet_group.db_subnet": {
                    "type": "aws_db_subnet_group",
                    "depends_on": [
                        "aws_subnet.private",
                        "aws_subnet.public"
                    ],
                    "primary": {
                        "id": "main",
                        "attributes": {
                            "arn": "arn:aws:rds:us-east-1:405852778374:subgrp:main",
                            "description": "Managed by Terraform",
                            "id": "main",
                            "name": "main",
                            "subnet_ids.#": "2",
                            "subnet_ids.3963702698": "subnet-05fc6083b1aa21077",
                            "subnet_ids.408531361": "subnet-0b89a5e67481707fd",
                            "tags.%": "1",
                            "tags.Name": "TerraformSubnetDB"
                        },
                        "meta": {},
                        "tainted": false
                    },
                    "deposed": [],
                    "provider": "provider.aws"
                },
                "aws_elb.elbinstances": {
                    "type": "aws_elb",
                    "depends_on": [
                        "aws_security_group.elb_sg",
                        "aws_subnet.public"
                    ],
                    "primary": {
                        "id": "elbterraform",
                        "attributes": {
                            "access_logs.#": "0",
                            "arn": "arn:aws:elasticloadbalancing:us-east-1:405852778374:loadbalancer/elbterraform",
                            "availability_zones.#": "1",
                            "availability_zones.3551460226": "us-east-1e",
                            "connection_draining": "false",
                            "connection_draining_timeout": "300",
                            "cross_zone_load_balancing": "true",
                            "dns_name": "elbterraform-2097780153.us-east-1.elb.amazonaws.com",
                            "health_check.#": "1",
                            "health_check.0.healthy_threshold": "2",
                            "health_check.0.interval": "30",
                            "health_check.0.target": "HTTP:80/",
                            "health_check.0.timeout": "3",
                            "health_check.0.unhealthy_threshold": "2",
                            "id": "elbterraform",
                            "idle_timeout": "60",
                            "instances.#": "1",
                            "instances.1656892800": "i-054773d29ab1dd121",
                            "internal": "false",
                            "listener.#": "1",
                            "listener.3057123346.instance_port": "80",
                            "listener.3057123346.instance_protocol": "http",
                            "listener.3057123346.lb_port": "80",
                            "listener.3057123346.lb_protocol": "http",
                            "listener.3057123346.ssl_certificate_id": "",
                            "name": "elbterraform",
                            "security_groups.#": "1",
                            "security_groups.1739723122": "sg-03bb6fc1e963f0b2d",
                            "source_security_group": "405852778374/elbsg",
                            "source_security_group_id": "sg-03bb6fc1e963f0b2d",
                            "subnets.#": "1",
                            "subnets.408531361": "subnet-0b89a5e67481707fd",
                            "tags.%": "1",
                            "tags.Name": "TerraformELB",
                            "zone_id": "Z35SXDOTRQ7X7K"
                        },
                        "meta": {},
                        "tainted": false
                    },
                    "deposed": [],
                    "provider": "provider.aws"
                },
                "aws_instance.appserver": {
                    "type": "aws_instance",
                    "depends_on": [
                        "aws_security_group.appserver_sg",
                        "aws_subnet.public"
                    ],
                    "primary": {
                        "id": "i-0b78d4da2bd440a39",
                        "attributes": {
                            "ami": "ami-011b3ccf1bd6db744",
                            "arn": "arn:aws:ec2:us-east-1:405852778374:instance/i-0b78d4da2bd440a39",
                            "associate_public_ip_address": "false",
                            "availability_zone": "us-east-1e",
                            "cpu_core_count": "1",
                            "cpu_threads_per_core": "1",
                            "credit_specification.#": "1",
                            "credit_specification.0.cpu_credits": "standard",
                            "disable_api_termination": "false",
                            "ebs_block_device.#": "0",
                            "ebs_optimized": "false",
                            "ephemeral_block_device.#": "0",
                            "get_password_data": "false",
                            "iam_instance_profile": "",
                            "id": "i-0b78d4da2bd440a39",
                            "instance_state": "running",
                            "instance_type": "t2.micro",
                            "ipv6_addresses.#": "0",
                            "key_name": "",
                            "monitoring": "false",
                            "network_interface.#": "0",
                            "password_data": "",
                            "placement_group": "",
                            "primary_network_interface_id": "eni-078041b125e4895fc",
                            "private_dns": "ip-10-0-0-209.ec2.internal",
                            "private_ip": "10.0.0.209",
                            "public_dns": "",
                            "public_ip": "",
                            "root_block_device.#": "1",
                            "root_block_device.0.delete_on_termination": "true",
                            "root_block_device.0.iops": "100",
                            "root_block_device.0.volume_id": "vol-00f3c514fc4f94d53",
                            "root_block_device.0.volume_size": "10",
                            "root_block_device.0.volume_type": "gp2",
                            "security_groups.#": "0",
                            "source_dest_check": "true",
                            "subnet_id": "subnet-0b89a5e67481707fd",
                            "tags.%": "1",
                            "tags.Name": "AppserverTerraform",
                            "tenancy": "default",
                            "user_data": "9f687298a566d7ac846044054fa5000d474fcef6",
                            "volume_tags.%": "0",
                            "vpc_security_group_ids.#": "1",
                            "vpc_security_group_ids.2830196257": "sg-06ea8eda1c60cac88"
                        },
                        "meta": {
                            "e2bfb730-ecaa-11e6-8f88-34363bc7c4c0": {
                                "create": 600000000000,
                                "delete": 1200000000000,
                                "update": 600000000000
                            },
                            "schema_version": "1"
                        },
                        "tainted": false
                    },
                    "deposed": [],
                    "provider": "provider.aws"
                },
                "aws_internet_gateway.gateway": {
                    "type": "aws_internet_gateway",
                    "depends_on": [
                        "aws_vpc.main"
                    ],
                    "primary": {
                        "id": "igw-00f30e0881c7741c6",
                        "attributes": {
                            "id": "igw-00f30e0881c7741c6",
                            "owner_id": "405852778374",
                            "tags.%": "1",
                            "tags.Name": "GatewayTerraform",
                            "vpc_id": "vpc-0df7d3d163d715a26"
                        },
                        "meta": {},
                        "tainted": false
                    },
                    "deposed": [],
                    "provider": "provider.aws"
                },
                "aws_launch_configuration.asg_launch": {
                    "type": "aws_launch_configuration",
                    "depends_on": [],
                    "primary": {
                        "id": "aglaunch",
                        "attributes": {
                            "associate_public_ip_address": "false",
                            "ebs_block_device.#": "0",
                            "ebs_optimized": "false",
                            "enable_monitoring": "true",
                            "ephemeral_block_device.#": "0",
                            "iam_instance_profile": "",
                            "id": "aglaunch",
                            "image_id": "ami-011b3ccf1bd6db744",
                            "instance_type": "t2.micro",
                            "key_name": "virginiakey",
                            "name": "aglaunch",
                            "root_block_device.#": "0",
                            "security_groups.#": "0",
                            "spot_price": "",
                            "vpc_classic_link_id": "",
                            "vpc_classic_link_security_groups.#": "0"
                        },
                        "meta": {},
                        "tainted": false
                    },
                    "deposed": [],
                    "provider": "provider.aws"
                },
                "aws_route_table.privateroute": {
                    "type": "aws_route_table",
                    "depends_on": [
                        "aws_internet_gateway.gateway",
                        "aws_vpc.main"
                    ],
                    "primary": {
                        "id": "rtb-0dcf5e8cd8f7c2298",
                        "attributes": {
                            "id": "rtb-0dcf5e8cd8f7c2298",
                            "owner_id": "405852778374",
                            "propagating_vgws.#": "0",
                            "route.#": "1",
                            "route.2666251012.cidr_block": "0.0.0.0/0",
                            "route.2666251012.egress_only_gateway_id": "",
                            "route.2666251012.gateway_id": "igw-00f30e0881c7741c6",
                            "route.2666251012.instance_id": "",
                            "route.2666251012.ipv6_cidr_block": "",
                            "route.2666251012.nat_gateway_id": "",
                            "route.2666251012.network_interface_id": "",
                            "route.2666251012.transit_gateway_id": "",
                            "route.2666251012.vpc_peering_connection_id": "",
                            "tags.%": "0",
                            "vpc_id": "vpc-0df7d3d163d715a26"
                        },
                        "meta": {},
                        "tainted": false
                    },
                    "deposed": [],
                    "provider": "provider.aws"
                },
                "aws_route_table.publicroute": {
                    "type": "aws_route_table",
                    "depends_on": [
                        "aws_internet_gateway.gateway",
                        "aws_vpc.main"
                    ],
                    "primary": {
                        "id": "rtb-0590365c5b86adab0",
                        "attributes": {
                            "id": "rtb-0590365c5b86adab0",
                            "owner_id": "405852778374",
                            "propagating_vgws.#": "0",
                            "route.#": "1",
                            "route.2666251012.cidr_block": "0.0.0.0/0",
                            "route.2666251012.egress_only_gateway_id": "",
                            "route.2666251012.gateway_id": "igw-00f30e0881c7741c6",
                            "route.2666251012.instance_id": "",
                            "route.2666251012.ipv6_cidr_block": "",
                            "route.2666251012.nat_gateway_id": "",
                            "route.2666251012.network_interface_id": "",
                            "route.2666251012.transit_gateway_id": "",
                            "route.2666251012.vpc_peering_connection_id": "",
                            "tags.%": "0",
                            "vpc_id": "vpc-0df7d3d163d715a26"
                        },
                        "meta": {},
                        "tainted": false
                    },
                    "deposed": [],
                    "provider": "provider.aws"
                },
                "aws_route_table_association.privateassociation": {
                    "type": "aws_route_table_association",
                    "depends_on": [
                        "aws_route_table.privateroute",
                        "aws_subnet.private"
                    ],
                    "primary": {
                        "id": "rtbassoc-09fd0e6f4aa132a12",
                        "attributes": {
                            "id": "rtbassoc-09fd0e6f4aa132a12",
                            "route_table_id": "rtb-0dcf5e8cd8f7c2298",
                            "subnet_id": "subnet-05fc6083b1aa21077"
                        },
                        "meta": {},
                        "tainted": false
                    },
                    "deposed": [],
                    "provider": "provider.aws"
                },
                "aws_route_table_association.publicassociation": {
                    "type": "aws_route_table_association",
                    "depends_on": [
                        "aws_route_table.publicroute",
                        "aws_subnet.public"
                    ],
                    "primary": {
                        "id": "rtbassoc-01e64491cfbd464e1",
                        "attributes": {
                            "id": "rtbassoc-01e64491cfbd464e1",
                            "route_table_id": "rtb-0590365c5b86adab0",
                            "subnet_id": "subnet-0b89a5e67481707fd"
                        },
                        "meta": {},
                        "tainted": false
                    },
                    "deposed": [],
                    "provider": "provider.aws"
                },
                "aws_security_group.appserver_sg": {
                    "type": "aws_security_group",
                    "depends_on": [
                        "aws_vpc.main"
                    ],
                    "primary": {
                        "id": "sg-06ea8eda1c60cac88",
                        "attributes": {
                            "arn": "arn:aws:ec2:us-east-1:405852778374:security-group/sg-06ea8eda1c60cac88",
                            "description": "Managed by Terraform",
                            "egress.#": "0",
                            "id": "sg-06ea8eda1c60cac88",
                            "ingress.#": "2",
                            "ingress.106838263.cidr_blocks.#": "1",
                            "ingress.106838263.cidr_blocks.0": "0.0.0.0/0",
                            "ingress.106838263.description": "",
                            "ingress.106838263.from_port": "9043",
                            "ingress.106838263.ipv6_cidr_blocks.#": "0",
                            "ingress.106838263.prefix_list_ids.#": "0",
                            "ingress.106838263.protocol": "tcp",
                            "ingress.106838263.security_groups.#": "0",
                            "ingress.106838263.self": "false",
                            "ingress.106838263.to_port": "9043",
                            "ingress.2541437006.cidr_blocks.#": "1",
                            "ingress.2541437006.cidr_blocks.0": "0.0.0.0/0",
                            "ingress.2541437006.description": "",
                            "ingress.2541437006.from_port": "22",
                            "ingress.2541437006.ipv6_cidr_blocks.#": "0",
                            "ingress.2541437006.prefix_list_ids.#": "0",
                            "ingress.2541437006.protocol": "tcp",
                            "ingress.2541437006.security_groups.#": "0",
                            "ingress.2541437006.self": "false",
                            "ingress.2541437006.to_port": "22",
                            "name": "appserversg",
                            "owner_id": "405852778374",
                            "revoke_rules_on_delete": "false",
                            "tags.%": "1",
                            "tags.Name": "AppserverTerraSG",
                            "vpc_id": "vpc-0df7d3d163d715a26"
                        },
                        "meta": {
                            "e2bfb730-ecaa-11e6-8f88-34363bc7c4c0": {
                                "create": 600000000000,
                                "delete": 600000000000
                            },
                            "schema_version": "1"
                        },
                        "tainted": false
                    },
                    "deposed": [],
                    "provider": "provider.aws"
                },
                "aws_security_group.database_sg": {
                    "type": "aws_security_group",
                    "depends_on": [
                        "aws_vpc.main"
                    ],
                    "primary": {
                        "id": "sg-0cc4ab64270c7c3e5",
                        "attributes": {
                            "arn": "arn:aws:ec2:us-east-1:405852778374:security-group/sg-0cc4ab64270c7c3e5",
                            "description": "Managed by Terraform",
                            "egress.#": "0",
                            "id": "sg-0cc4ab64270c7c3e5",
                            "ingress.#": "1",
                            "ingress.106838263.cidr_blocks.#": "1",
                            "ingress.106838263.cidr_blocks.0": "0.0.0.0/0",
                            "ingress.106838263.description": "",
                            "ingress.106838263.from_port": "9043",
                            "ingress.106838263.ipv6_cidr_blocks.#": "0",
                            "ingress.106838263.prefix_list_ids.#": "0",
                            "ingress.106838263.protocol": "tcp",
                            "ingress.106838263.security_groups.#": "0",
                            "ingress.106838263.self": "false",
                            "ingress.106838263.to_port": "9043",
                            "name": "databasesg",
                            "owner_id": "405852778374",
                            "revoke_rules_on_delete": "false",
                            "tags.%": "1",
                            "tags.Name": "DatabaseTerraSG",
                            "vpc_id": "vpc-0df7d3d163d715a26"
                        },
                        "meta": {
                            "e2bfb730-ecaa-11e6-8f88-34363bc7c4c0": {
                                "create": 600000000000,
                                "delete": 600000000000
                            },
                            "schema_version": "1"
                        },
                        "tainted": false
                    },
                    "deposed": [],
                    "provider": "provider.aws"
                },
                "aws_security_group.elb_sg": {
                    "type": "aws_security_group",
                    "depends_on": [
                        "aws_vpc.main"
                    ],
                    "primary": {
                        "id": "sg-03bb6fc1e963f0b2d",
                        "attributes": {
                            "arn": "arn:aws:ec2:us-east-1:405852778374:security-group/sg-03bb6fc1e963f0b2d",
                            "description": "Allow Ports 80 and 22",
                            "egress.#": "0",
                            "id": "sg-03bb6fc1e963f0b2d",
                            "ingress.#": "2",
                            "ingress.2214680975.cidr_blocks.#": "1",
                            "ingress.2214680975.cidr_blocks.0": "0.0.0.0/0",
                            "ingress.2214680975.description": "",
                            "ingress.2214680975.from_port": "80",
                            "ingress.2214680975.ipv6_cidr_blocks.#": "0",
                            "ingress.2214680975.prefix_list_ids.#": "0",
                            "ingress.2214680975.protocol": "tcp",
                            "ingress.2214680975.security_groups.#": "0",
                            "ingress.2214680975.self": "false",
                            "ingress.2214680975.to_port": "80",
                            "ingress.2541437006.cidr_blocks.#": "1",
                            "ingress.2541437006.cidr_blocks.0": "0.0.0.0/0",
                            "ingress.2541437006.description": "",
                            "ingress.2541437006.from_port": "22",
                            "ingress.2541437006.ipv6_cidr_blocks.#": "0",
                            "ingress.2541437006.prefix_list_ids.#": "0",
                            "ingress.2541437006.protocol": "tcp",
                            "ingress.2541437006.security_groups.#": "0",
                            "ingress.2541437006.self": "false",
                            "ingress.2541437006.to_port": "22",
                            "name": "elbsg",
                            "owner_id": "405852778374",
                            "revoke_rules_on_delete": "false",
                            "tags.%": "1",
                            "tags.Name": "ELBterraform",
                            "vpc_id": "vpc-0df7d3d163d715a26"
                        },
                        "meta": {
                            "e2bfb730-ecaa-11e6-8f88-34363bc7c4c0": {
                                "create": 600000000000,
                                "delete": 600000000000
                            },
                            "schema_version": "1"
                        },
                        "tainted": false
                    },
                    "deposed": [],
                    "provider": "provider.aws"
                },
                "aws_subnet.private": {
                    "type": "aws_subnet",
                    "depends_on": [
                        "aws_vpc.main"
                    ],
                    "primary": {
                        "id": "subnet-05fc6083b1aa21077",
                        "attributes": {
                            "arn": "arn:aws:ec2:us-east-1:405852778374:subnet/subnet-05fc6083b1aa21077",
                            "assign_ipv6_address_on_creation": "false",
                            "availability_zone": "us-east-1a",
                            "availability_zone_id": "use1-az2",
                            "cidr_block": "10.0.1.0/24",
                            "id": "subnet-05fc6083b1aa21077",
                            "ipv6_cidr_block": "",
                            "ipv6_cidr_block_association_id": "",
                            "map_public_ip_on_launch": "false",
                            "owner_id": "405852778374",
                            "tags.%": "1",
                            "tags.Name": "PrivateSubTerraform",
                            "vpc_id": "vpc-0df7d3d163d715a26"
                        },
                        "meta": {
                            "e2bfb730-ecaa-11e6-8f88-34363bc7c4c0": {
                                "create": 600000000000,
                                "delete": 600000000000
                            },
                            "schema_version": "1"
                        },
                        "tainted": false
                    },
                    "deposed": [],
                    "provider": "provider.aws"
                },
                "aws_subnet.public": {
                    "type": "aws_subnet",
                    "depends_on": [
                        "aws_vpc.main"
                    ],
                    "primary": {
                        "id": "subnet-0b89a5e67481707fd",
                        "attributes": {
                            "arn": "arn:aws:ec2:us-east-1:405852778374:subnet/subnet-0b89a5e67481707fd",
                            "assign_ipv6_address_on_creation": "false",
                            "availability_zone": "us-east-1e",
                            "availability_zone_id": "use1-az3",
                            "cidr_block": "10.0.0.0/24",
                            "id": "subnet-0b89a5e67481707fd",
                            "ipv6_cidr_block": "",
                            "ipv6_cidr_block_association_id": "",
                            "map_public_ip_on_launch": "false",
                            "owner_id": "405852778374",
                            "tags.%": "1",
                            "tags.Name": "PublicSubTerraform",
                            "vpc_id": "vpc-0df7d3d163d715a26"
                        },
                        "meta": {
                            "e2bfb730-ecaa-11e6-8f88-34363bc7c4c0": {
                                "create": 600000000000,
                                "delete": 600000000000
                            },
                            "schema_version": "1"
                        },
                        "tainted": false
                    },
                    "deposed": [],
                    "provider": "provider.aws"
                },
                "aws_vpc.main": {
                    "type": "aws_vpc",
                    "depends_on": [],
                    "primary": {
                        "id": "vpc-0df7d3d163d715a26",
                        "attributes": {
                            "arn": "arn:aws:ec2:us-east-1:405852778374:vpc/vpc-0df7d3d163d715a26",
                            "assign_generated_ipv6_cidr_block": "false",
                            "cidr_block": "10.0.0.0/16",
                            "default_network_acl_id": "acl-05f9c7d7e0c7bd263",
                            "default_route_table_id": "rtb-0f850cc8eef179f1f",
                            "default_security_group_id": "sg-0696c3c19883b0fa8",
                            "dhcp_options_id": "dopt-be5417c5",
                            "enable_classiclink": "false",
                            "enable_classiclink_dns_support": "false",
                            "enable_dns_hostnames": "true",
                            "enable_dns_support": "true",
                            "id": "vpc-0df7d3d163d715a26",
                            "instance_tenancy": "default",
                            "ipv6_association_id": "",
                            "ipv6_cidr_block": "",
                            "main_route_table_id": "rtb-0f850cc8eef179f1f",
                            "owner_id": "405852778374",
                            "tags.%": "1",
                            "tags.Name": "VPCTerraform"
                        },
                        "meta": {
                            "schema_version": "1"
                        },
                        "tainted": false
                    },
                    "deposed": [],
                    "provider": "provider.aws"
                }
            },
            "depends_on": []
        }
    ]
}
